// !$*UTF8*$!
{
	archiveVersion = 1;
	classes = {
	};
	objectVersion = 45;
	objects = {

/* Begin PBXBuildFile section */
		1D3623260D0F684500981E51 /* AuralDemoAppDelegate.m in Sources */ = {isa = PBXBuildFile; fileRef = 1D3623250D0F684500981E51 /* AuralDemoAppDelegate.m */; };
		1D60589B0D05DD56006BFB54 /* main.m in Sources */ = {isa = PBXBuildFile; fileRef = 29B97316FDCFA39411CA2CEA /* main.m */; };
		1D60589F0D05DD5A006BFB54 /* Foundation.framework in Frameworks */ = {isa = PBXBuildFile; fileRef = 1D30AB110D05D00D00671497 /* Foundation.framework */; };
		1DF5F4E00D08C38300B7A737 /* UIKit.framework in Frameworks */ = {isa = PBXBuildFile; fileRef = 1DF5F4DF0D08C38300B7A737 /* UIKit.framework */; };
		288765A50DF7441C002DB57D /* CoreGraphics.framework in Frameworks */ = {isa = PBXBuildFile; fileRef = 288765A40DF7441C002DB57D /* CoreGraphics.framework */; };
		28D7ACF80DDB3853001CB0EB /* AuralDemoViewController.m in Sources */ = {isa = PBXBuildFile; fileRef = 28D7ACF70DDB3853001CB0EB /* AuralDemoViewController.m */; };
		39DA508E1310A56000F94F67 /* MainWindow.xib in Resources */ = {isa = PBXBuildFile; fileRef = 39DA508D1310A56000F94F67 /* MainWindow.xib */; };
		39DA50921310A57200F94F67 /* AuralDemoViewController.xib in Resources */ = {isa = PBXBuildFile; fileRef = 39DA50911310A57200F94F67 /* AuralDemoViewController.xib */; };
		39DA510C1310A6C700F94F67 /* AudioToolbox.framework in Frameworks */ = {isa = PBXBuildFile; fileRef = 39DA510B1310A6C700F94F67 /* AudioToolbox.framework */; };
		39DA51121310A6D900F94F67 /* AVFoundation.framework in Frameworks */ = {isa = PBXBuildFile; fileRef = 39DA51111310A6D900F94F67 /* AVFoundation.framework */; };
		39DA51EC1310AB3700F94F67 /* AUCAudioBuffer.m in Sources */ = {isa = PBXBuildFile; fileRef = 39DA51CC1310AB3700F94F67 /* AUCAudioBuffer.m */; };
		39DA51ED1310AB3700F94F67 /* AUCAudioContext.m in Sources */ = {isa = PBXBuildFile; fileRef = 39DA51CE1310AB3700F94F67 /* AUCAudioContext.m */; };
		39DA51EE1310AB3700F94F67 /* AUCAudioManager.m in Sources */ = {isa = PBXBuildFile; fileRef = 39DA51D01310AB3700F94F67 /* AUCAudioManager.m */; };
		39DA51EF1310AB3700F94F67 /* AUCAudioSource.m in Sources */ = {isa = PBXBuildFile; fileRef = 39DA51D21310AB3700F94F67 /* AUCAudioSource.m */; };
		39DA51F01310AB3700F94F67 /* AUCLogging.m in Sources */ = {isa = PBXBuildFile; fileRef = 39DA51D51310AB3700F94F67 /* AUCLogging.m */; };
		39DA51F11310AB3700F94F67 /* AUCMutex.m in Sources */ = {isa = PBXBuildFile; fileRef = 39DA51D81310AB3700F94F67 /* AUCMutex.m */; };
		39DA51F21310AB3700F94F67 /* KSAudioFile+AUCAudioBuffer.m in Sources */ = {isa = PBXBuildFile; fileRef = 39DA51DC1310AB3700F94F67 /* KSAudioFile+AUCAudioBuffer.m */; };
		39DA51F31310AB3700F94F67 /* KSAudioFile.m in Sources */ = {isa = PBXBuildFile; fileRef = 39DA51DF1310AB3700F94F67 /* KSAudioFile.m */; };
		39DA51F41310AB3700F94F67 /* NSMutableArray+WeakReferences.m in Sources */ = {isa = PBXBuildFile; fileRef = 39DA51E11310AB3700F94F67 /* NSMutableArray+WeakReferences.m */; };
		39DA51F51310AB3700F94F67 /* OALAudioSession.m in Sources */ = {isa = PBXBuildFile; fileRef = 39DA51E31310AB3700F94F67 /* OALAudioSession.m */; };
		39DA51F61310AB3700F94F67 /* OALSuspendHandler.m in Sources */ = {isa = PBXBuildFile; fileRef = 39DA51E61310AB3700F94F67 /* OALSuspendHandler.m */; };
		39DA51F71310AB3700F94F67 /* OALTools.m in Sources */ = {isa = PBXBuildFile; fileRef = 39DA51E81310AB3700F94F67 /* OALTools.m */; };
		39DA52441310AF7C00F94F67 /* ColdFunk.caf in Resources */ = {isa = PBXBuildFile; fileRef = 39DA52431310AF7C00F94F67 /* ColdFunk.caf */; };
/* End PBXBuildFile section */

/* Begin PBXFileReference section */
		1D30AB110D05D00D00671497 /* Foundation.framework */ = {isa = PBXFileReference; lastKnownFileType = wrapper.framework; name = Foundation.framework; path = System/Library/Frameworks/Foundation.framework; sourceTree = SDKROOT; };
		1D3623240D0F684500981E51 /* AuralDemoAppDelegate.h */ = {isa = PBXFileReference; fileEncoding = 4; lastKnownFileType = sourcecode.c.h; path = AuralDemoAppDelegate.h; sourceTree = "<group>"; };
		1D3623250D0F684500981E51 /* AuralDemoAppDelegate.m */ = {isa = PBXFileReference; fileEncoding = 4; lastKnownFileType = sourcecode.c.objc; path = AuralDemoAppDelegate.m; sourceTree = "<group>"; };
		1D6058910D05DD3D006BFB54 /* AuralDemo.app */ = {isa = PBXFileReference; explicitFileType = wrapper.application; includeInIndex = 0; path = AuralDemo.app; sourceTree = BUILT_PRODUCTS_DIR; };
		1DF5F4DF0D08C38300B7A737 /* UIKit.framework */ = {isa = PBXFileReference; lastKnownFileType = wrapper.framework; name = UIKit.framework; path = System/Library/Frameworks/UIKit.framework; sourceTree = SDKROOT; };
		288765A40DF7441C002DB57D /* CoreGraphics.framework */ = {isa = PBXFileReference; lastKnownFileType = wrapper.framework; name = CoreGraphics.framework; path = System/Library/Frameworks/CoreGraphics.framework; sourceTree = SDKROOT; };
		28D7ACF60DDB3853001CB0EB /* AuralDemoViewController.h */ = {isa = PBXFileReference; fileEncoding = 4; lastKnownFileType = sourcecode.c.h; path = AuralDemoViewController.h; sourceTree = "<group>"; };
		28D7ACF70DDB3853001CB0EB /* AuralDemoViewController.m */ = {isa = PBXFileReference; fileEncoding = 4; lastKnownFileType = sourcecode.c.objc; path = AuralDemoViewController.m; sourceTree = "<group>"; };
		29B97316FDCFA39411CA2CEA /* main.m */ = {isa = PBXFileReference; fileEncoding = 4; lastKnownFileType = sourcecode.c.objc; path = main.m; sourceTree = "<group>"; };
		32CA4F630368D1EE00C91783 /* AuralDemo_Prefix.pch */ = {isa = PBXFileReference; fileEncoding = 4; lastKnownFileType = sourcecode.c.h; path = AuralDemo_Prefix.pch; sourceTree = "<group>"; };
		39DA508D1310A56000F94F67 /* MainWindow.xib */ = {isa = PBXFileReference; lastKnownFileType = file.xib; path = MainWindow.xib; sourceTree = "<group>"; };
		39DA508F1310A56800F94F67 /* AuralDemo-Info.plist */ = {isa = PBXFileReference; fileEncoding = 4; lastKnownFileType = text.plist.xml; path = "AuralDemo-Info.plist"; sourceTree = SOURCE_ROOT; };
		39DA50911310A57200F94F67 /* AuralDemoViewController.xib */ = {isa = PBXFileReference; lastKnownFileType = file.xib; path = AuralDemoViewController.xib; sourceTree = "<group>"; };
		39DA510B1310A6C700F94F67 /* AudioToolbox.framework */ = {isa = PBXFileReference; lastKnownFileType = wrapper.framework; name = AudioToolbox.framework; path = System/Library/Frameworks/AudioToolbox.framework; sourceTree = SDKROOT; };
		39DA51111310A6D900F94F67 /* AVFoundation.framework */ = {isa = PBXFileReference; lastKnownFileType = wrapper.framework; name = AVFoundation.framework; path = System/Library/Frameworks/AVFoundation.framework; sourceTree = SDKROOT; };
		39DA51CB1310AB3700F94F67 /* AUCAudioBuffer.h */ = {isa = PBXFileReference; fileEncoding = 4; lastKnownFileType = sourcecode.c.h; path = AUCAudioBuffer.h; sourceTree = "<group>"; };
		39DA51CC1310AB3700F94F67 /* AUCAudioBuffer.m */ = {isa = PBXFileReference; fileEncoding = 4; lastKnownFileType = sourcecode.c.objc; path = AUCAudioBuffer.m; sourceTree = "<group>"; };
		39DA51CD1310AB3700F94F67 /* AUCAudioContext.h */ = {isa = PBXFileReference; fileEncoding = 4; lastKnownFileType = sourcecode.c.h; path = AUCAudioContext.h; sourceTree = "<group>"; };
		39DA51CE1310AB3700F94F67 /* AUCAudioContext.m */ = {isa = PBXFileReference; fileEncoding = 4; lastKnownFileType = sourcecode.c.objc; path = AUCAudioContext.m; sourceTree = "<group>"; };
		39DA51CF1310AB3700F94F67 /* AUCAudioManager.h */ = {isa = PBXFileReference; fileEncoding = 4; lastKnownFileType = sourcecode.c.h; path = AUCAudioManager.h; sourceTree = "<group>"; };
		39DA51D01310AB3700F94F67 /* AUCAudioManager.m */ = {isa = PBXFileReference; fileEncoding = 4; lastKnownFileType = sourcecode.c.objc; path = AUCAudioManager.m; sourceTree = "<group>"; };
		39DA51D11310AB3700F94F67 /* AUCAudioSource.h */ = {isa = PBXFileReference; fileEncoding = 4; lastKnownFileType = sourcecode.c.h; path = AUCAudioSource.h; sourceTree = "<group>"; };
		39DA51D21310AB3700F94F67 /* AUCAudioSource.m */ = {isa = PBXFileReference; fileEncoding = 4; lastKnownFileType = sourcecode.c.objc; path = AUCAudioSource.m; sourceTree = "<group>"; };
		39DA51D31310AB3700F94F67 /* AUCInterface.h */ = {isa = PBXFileReference; fileEncoding = 4; lastKnownFileType = sourcecode.c.h; path = AUCInterface.h; sourceTree = "<group>"; };
		39DA51D41310AB3700F94F67 /* AUCLogging.h */ = {isa = PBXFileReference; fileEncoding = 4; lastKnownFileType = sourcecode.c.h; path = AUCLogging.h; sourceTree = "<group>"; };
		39DA51D51310AB3700F94F67 /* AUCLogging.m */ = {isa = PBXFileReference; fileEncoding = 4; lastKnownFileType = sourcecode.c.objc; path = AUCLogging.m; sourceTree = "<group>"; };
		39DA51D61310AB3700F94F67 /* AUCMacros.h */ = {isa = PBXFileReference; fileEncoding = 4; lastKnownFileType = sourcecode.c.h; path = AUCMacros.h; sourceTree = "<group>"; };
		39DA51D71310AB3700F94F67 /* AUCMutex.h */ = {isa = PBXFileReference; fileEncoding = 4; lastKnownFileType = sourcecode.c.h; path = AUCMutex.h; sourceTree = "<group>"; };
		39DA51D81310AB3700F94F67 /* AUCMutex.m */ = {isa = PBXFileReference; fileEncoding = 4; lastKnownFileType = sourcecode.c.objc; path = AUCMutex.m; sourceTree = "<group>"; };
		39DA51D91310AB3700F94F67 /* AUCTypes.h */ = {isa = PBXFileReference; fileEncoding = 4; lastKnownFileType = sourcecode.c.h; path = AUCTypes.h; sourceTree = "<group>"; };
		39DA51DA1310AB3700F94F67 /* Aural.h */ = {isa = PBXFileReference; fileEncoding = 4; lastKnownFileType = sourcecode.c.h; path = Aural.h; sourceTree = "<group>"; };
		39DA51DB1310AB3700F94F67 /* KSAudioFile+AUCAudioBuffer.h */ = {isa = PBXFileReference; fileEncoding = 4; lastKnownFileType = sourcecode.c.h; path = "KSAudioFile+AUCAudioBuffer.h"; sourceTree = "<group>"; };
		39DA51DC1310AB3700F94F67 /* KSAudioFile+AUCAudioBuffer.m */ = {isa = PBXFileReference; fileEncoding = 4; lastKnownFileType = sourcecode.c.objc; path = "KSAudioFile+AUCAudioBuffer.m"; sourceTree = "<group>"; };
		39DA51DE1310AB3700F94F67 /* KSAudioFile.h */ = {isa = PBXFileReference; fileEncoding = 4; lastKnownFileType = sourcecode.c.h; path = KSAudioFile.h; sourceTree = "<group>"; };
		39DA51DF1310AB3700F94F67 /* KSAudioFile.m */ = {isa = PBXFileReference; fileEncoding = 4; lastKnownFileType = sourcecode.c.objc; path = KSAudioFile.m; sourceTree = "<group>"; };
		39DA51E01310AB3700F94F67 /* NSMutableArray+WeakReferences.h */ = {isa = PBXFileReference; fileEncoding = 4; lastKnownFileType = sourcecode.c.h; path = "NSMutableArray+WeakReferences.h"; sourceTree = "<group>"; };
		39DA51E11310AB3700F94F67 /* NSMutableArray+WeakReferences.m */ = {isa = PBXFileReference; fileEncoding = 4; lastKnownFileType = sourcecode.c.objc; path = "NSMutableArray+WeakReferences.m"; sourceTree = "<group>"; };
		39DA51E21310AB3700F94F67 /* OALAudioSession.h */ = {isa = PBXFileReference; fileEncoding = 4; lastKnownFileType = sourcecode.c.h; path = OALAudioSession.h; sourceTree = "<group>"; };
		39DA51E31310AB3700F94F67 /* OALAudioSession.m */ = {isa = PBXFileReference; fileEncoding = 4; lastKnownFileType = sourcecode.c.objc; path = OALAudioSession.m; sourceTree = "<group>"; };
		39DA51E41310AB3700F94F67 /* OALNotifications.h */ = {isa = PBXFileReference; fileEncoding = 4; lastKnownFileType = sourcecode.c.h; path = OALNotifications.h; sourceTree = "<group>"; };
		39DA51E51310AB3700F94F67 /* OALSuspendHandler.h */ = {isa = PBXFileReference; fileEncoding = 4; lastKnownFileType = sourcecode.c.h; path = OALSuspendHandler.h; sourceTree = "<group>"; };
		39DA51E61310AB3700F94F67 /* OALSuspendHandler.m */ = {isa = PBXFileReference; fileEncoding = 4; lastKnownFileType = sourcecode.c.objc; path = OALSuspendHandler.m; sourceTree = "<group>"; };
		39DA51E71310AB3700F94F67 /* OALTools.h */ = {isa = PBXFileReference; fileEncoding = 4; lastKnownFileType = sourcecode.c.h; path = OALTools.h; sourceTree = "<group>"; };
		39DA51E81310AB3700F94F67 /* OALTools.m */ = {isa = PBXFileReference; fileEncoding = 4; lastKnownFileType = sourcecode.c.objc; path = OALTools.m; sourceTree = "<group>"; };
		39DA51E91310AB3700F94F67 /* ObjectALConfig.h */ = {isa = PBXFileReference; fileEncoding = 4; lastKnownFileType = sourcecode.c.h; path = ObjectALConfig.h; sourceTree = "<group>"; };
		39DA51EA1310AB3700F94F67 /* ObjectALMacros.h */ = {isa = PBXFileReference; fileEncoding = 4; lastKnownFileType = sourcecode.c.h; path = ObjectALMacros.h; sourceTree = "<group>"; };
		39DA51EB1310AB3700F94F67 /* SynthesizeSingleton.h */ = {isa = PBXFileReference; fileEncoding = 4; lastKnownFileType = sourcecode.c.h; path = SynthesizeSingleton.h; sourceTree = "<group>"; };
		39DA52431310AF7C00F94F67 /* ColdFunk.caf */ = {isa = PBXFileReference; lastKnownFileType = file; path = ColdFunk.caf; sourceTree = "<group>"; };
/* End PBXFileReference section */

/* Begin PBXFrameworksBuildPhase section */
		1D60588F0D05DD3D006BFB54 /* Frameworks */ = {
			isa = PBXFrameworksBuildPhase;
			buildActionMask = 2147483647;
			files = (
				1D60589F0D05DD5A006BFB54 /* Foundation.framework in Frameworks */,
				1DF5F4E00D08C38300B7A737 /* UIKit.framework in Frameworks */,
				288765A50DF7441C002DB57D /* CoreGraphics.framework in Frameworks */,
				39DA510C1310A6C700F94F67 /* AudioToolbox.framework in Frameworks */,
				39DA51121310A6D900F94F67 /* AVFoundation.framework in Frameworks */,
			);
			runOnlyForDeploymentPostprocessing = 0;
		};
/* End PBXFrameworksBuildPhase section */

/* Begin PBXGroup section */
		080E96DDFE201D6D7F000001 /* Classes */ = {
			isa = PBXGroup;
			children = (
				1D3623240D0F684500981E51 /* AuralDemoAppDelegate.h */,
				1D3623250D0F684500981E51 /* AuralDemoAppDelegate.m */,
				28D7ACF60DDB3853001CB0EB /* AuralDemoViewController.h */,
				28D7ACF70DDB3853001CB0EB /* AuralDemoViewController.m */,
				39DA50911310A57200F94F67 /* AuralDemoViewController.xib */,
			);
			path = Classes;
			sourceTree = "<group>";
		};
		19C28FACFE9D520D11CA2CBB /* Products */ = {
			isa = PBXGroup;
			children = (
				1D6058910D05DD3D006BFB54 /* AuralDemo.app */,
			);
			name = Products;
			sourceTree = "<group>";
		};
		29B97314FDCFA39411CA2CEA /* CustomTemplate */ = {
			isa = PBXGroup;
			children = (
				39DA51761310A90400F94F67 /* Libraries */,
				080E96DDFE201D6D7F000001 /* Classes */,
				29B97315FDCFA39411CA2CEA /* Other Sources */,
				29B97323FDCFA39411CA2CEA /* Frameworks */,
				19C28FACFE9D520D11CA2CBB /* Products */,
				39DA508C1310A56000F94F67 /* Resources */,
			);
			name = CustomTemplate;
			sourceTree = "<group>";
		};
		29B97315FDCFA39411CA2CEA /* Other Sources */ = {
			isa = PBXGroup;
			children = (
				32CA4F630368D1EE00C91783 /* AuralDemo_Prefix.pch */,
				29B97316FDCFA39411CA2CEA /* main.m */,
			);
			name = "Other Sources";
			sourceTree = "<group>";
		};
		29B97323FDCFA39411CA2CEA /* Frameworks */ = {
			isa = PBXGroup;
			children = (
				1DF5F4DF0D08C38300B7A737 /* UIKit.framework */,
				1D30AB110D05D00D00671497 /* Foundation.framework */,
				288765A40DF7441C002DB57D /* CoreGraphics.framework */,
				39DA510B1310A6C700F94F67 /* AudioToolbox.framework */,
				39DA51111310A6D900F94F67 /* AVFoundation.framework */,
			);
			name = Frameworks;
			sourceTree = "<group>";
		};
		39DA508C1310A56000F94F67 /* Resources */ = {
			isa = PBXGroup;
			children = (
				39DA508F1310A56800F94F67 /* AuralDemo-Info.plist */,
				39DA52431310AF7C00F94F67 /* ColdFunk.caf */,
				39DA508D1310A56000F94F67 /* MainWindow.xib */,
			);
			path = Resources;
			sourceTree = "<group>";
		};
		39DA51761310A90400F94F67 /* Libraries */ = {
			isa = PBXGroup;
			children = (
				39DA51C91310AB3700F94F67 /* Aural */,
			);
			name = Libraries;
			sourceTree = "<group>";
		};
		39DA51C91310AB3700F94F67 /* Aural */ = {
			isa = PBXGroup;
			children = (
				39DA51CA1310AB3700F94F67 /* C */,
				39DA51DD1310AB3700F94F67 /* Support */,
			);
			name = Aural;
			path = Libraries/Aural;
			sourceTree = "<group>";
		};
		39DA51CA1310AB3700F94F67 /* C */ = {
			isa = PBXGroup;
			children = (
				39DA51CB1310AB3700F94F67 /* AUCAudioBuffer.h */,
				39DA51CC1310AB3700F94F67 /* AUCAudioBuffer.m */,
				39DA51CD1310AB3700F94F67 /* AUCAudioContext.h */,
				39DA51CE1310AB3700F94F67 /* AUCAudioContext.m */,
				39DA51CF1310AB3700F94F67 /* AUCAudioManager.h */,
				39DA51D01310AB3700F94F67 /* AUCAudioManager.m */,
				39DA51D11310AB3700F94F67 /* AUCAudioSource.h */,
				39DA51D21310AB3700F94F67 /* AUCAudioSource.m */,
				39DA51D31310AB3700F94F67 /* AUCInterface.h */,
				39DA51D41310AB3700F94F67 /* AUCLogging.h */,
				39DA51D51310AB3700F94F67 /* AUCLogging.m */,
				39DA51D61310AB3700F94F67 /* AUCMacros.h */,
				39DA51D71310AB3700F94F67 /* AUCMutex.h */,
				39DA51D81310AB3700F94F67 /* AUCMutex.m */,
				39DA51D91310AB3700F94F67 /* AUCTypes.h */,
				39DA51DA1310AB3700F94F67 /* Aural.h */,
				39DA51DB1310AB3700F94F67 /* KSAudioFile+AUCAudioBuffer.h */,
				39DA51DC1310AB3700F94F67 /* KSAudioFile+AUCAudioBuffer.m */,
			);
			path = C;
			sourceTree = "<group>";
		};
		39DA51DD1310AB3700F94F67 /* Support */ = {
			isa = PBXGroup;
			children = (
				39DA51DE1310AB3700F94F67 /* KSAudioFile.h */,
				39DA51DF1310AB3700F94F67 /* KSAudioFile.m */,
				39DA51E01310AB3700F94F67 /* NSMutableArray+WeakReferences.h */,
				39DA51E11310AB3700F94F67 /* NSMutableArray+WeakReferences.m */,
				39DA51E21310AB3700F94F67 /* OALAudioSession.h */,
				39DA51E31310AB3700F94F67 /* OALAudioSession.m */,
				39DA51E41310AB3700F94F67 /* OALNotifications.h */,
				39DA51E51310AB3700F94F67 /* OALSuspendHandler.h */,
				39DA51E61310AB3700F94F67 /* OALSuspendHandler.m */,
				39DA51E71310AB3700F94F67 /* OALTools.h */,
				39DA51E81310AB3700F94F67 /* OALTools.m */,
				39DA51E91310AB3700F94F67 /* ObjectALConfig.h */,
				39DA51EA1310AB3700F94F67 /* ObjectALMacros.h */,
				39DA51EB1310AB3700F94F67 /* SynthesizeSingleton.h */,
			);
			path = Support;
			sourceTree = "<group>";
		};
/* End PBXGroup section */

/* Begin PBXNativeTarget section */
		1D6058900D05DD3D006BFB54 /* AuralDemo */ = {
			isa = PBXNativeTarget;
			buildConfigurationList = 1D6058960D05DD3E006BFB54 /* Build configuration list for PBXNativeTarget "AuralDemo" */;
			buildPhases = (
				1D60588D0D05DD3D006BFB54 /* Resources */,
				1D60588E0D05DD3D006BFB54 /* Sources */,
				1D60588F0D05DD3D006BFB54 /* Frameworks */,
			);
			buildRules = (
			);
			dependencies = (
			);
			name = AuralDemo;
			productName = AuralDemo;
			productReference = 1D6058910D05DD3D006BFB54 /* AuralDemo.app */;
			productType = "com.apple.product-type.application";
		};
/* End PBXNativeTarget section */

/* Begin PBXProject section */
		29B97313FDCFA39411CA2CEA /* Project object */ = {
			isa = PBXProject;
			buildConfigurationList = C01FCF4E08A954540054247B /* Build configuration list for PBXProject "Aural" */;
			compatibilityVersion = "Xcode 3.1";
			developmentRegion = English;
			hasScannedForEncodings = 1;
			knownRegions = (
				English,
				Japanese,
				French,
				German,
			);
			mainGroup = 29B97314FDCFA39411CA2CEA /* CustomTemplate */;
			projectDirPath = "";
			projectRoot = "";
			targets = (
				1D6058900D05DD3D006BFB54 /* AuralDemo */,
			);
		};
/* End PBXProject section */

/* Begin PBXResourcesBuildPhase section */
		1D60588D0D05DD3D006BFB54 /* Resources */ = {
			isa = PBXResourcesBuildPhase;
			buildActionMask = 2147483647;
			files = (
				39DA508E1310A56000F94F67 /* MainWindow.xib in Resources */,
				39DA50921310A57200F94F67 /* AuralDemoViewController.xib in Resources */,
				39DA52441310AF7C00F94F67 /* ColdFunk.caf in Resources */,
			);
			runOnlyForDeploymentPostprocessing = 0;
		};
/* End PBXResourcesBuildPhase section */

/* Begin PBXSourcesBuildPhase section */
		1D60588E0D05DD3D006BFB54 /* Sources */ = {
			isa = PBXSourcesBuildPhase;
			buildActionMask = 2147483647;
			files = (
				1D60589B0D05DD56006BFB54 /* main.m in Sources */,
				1D3623260D0F684500981E51 /* AuralDemoAppDelegate.m in Sources */,
				28D7ACF80DDB3853001CB0EB /* AuralDemoViewController.m in Sources */,
				39DA51EC1310AB3700F94F67 /* AUCAudioBuffer.m in Sources */,
				39DA51ED1310AB3700F94F67 /* AUCAudioContext.m in Sources */,
				39DA51EE1310AB3700F94F67 /* AUCAudioManager.m in Sources */,
				39DA51EF1310AB3700F94F67 /* AUCAudioSource.m in Sources */,
				39DA51F01310AB3700F94F67 /* AUCLogging.m in Sources */,
				39DA51F11310AB3700F94F67 /* AUCMutex.m in Sources */,
				39DA51F21310AB3700F94F67 /* KSAudioFile+AUCAudioBuffer.m in Sources */,
				39DA51F31310AB3700F94F67 /* KSAudioFile.m in Sources */,
				39DA51F41310AB3700F94F67 /* NSMutableArray+WeakReferences.m in Sources */,
				39DA51F51310AB3700F94F67 /* OALAudioSession.m in Sources */,
				39DA51F61310AB3700F94F67 /* OALSuspendHandler.m in Sources */,
				39DA51F71310AB3700F94F67 /* OALTools.m in Sources */,
			);
			runOnlyForDeploymentPostprocessing = 0;
		};
/* End PBXSourcesBuildPhase section */

/* Begin XCBuildConfiguration section */
		1D6058940D05DD3E006BFB54 /* Debug */ = {
			isa = XCBuildConfiguration;
			buildSettings = {
				ALWAYS_SEARCH_USER_PATHS = NO;
				COPY_PHASE_STRIP = NO;
				GCC_DYNAMIC_NO_PIC = NO;
				GCC_OPTIMIZATION_LEVEL = 0;
				GCC_PRECOMPILE_PREFIX_HEADER = YES;
				GCC_PREFIX_HEADER = AuralDemo_Prefix.pch;
				INFOPLIST_FILE = "AuralDemo-Info.plist";
				PRODUCT_NAME = AuralDemo;
			};
			name = Debug;
		};
		1D6058950D05DD3E006BFB54 /* Release */ = {
			isa = XCBuildConfiguration;
			buildSettings = {
				ALWAYS_SEARCH_USER_PATHS = NO;
				COPY_PHASE_STRIP = YES;
				GCC_PRECOMPILE_PREFIX_HEADER = YES;
				GCC_PREFIX_HEADER = AuralDemo_Prefix.pch;
				INFOPLIST_FILE = "AuralDemo-Info.plist";
				PRODUCT_NAME = AuralDemo;
				VALIDATE_PRODUCT = YES;
			};
			name = Release;
		};
		C01FCF4F08A954540054247B /* Debug */ = {
			isa = XCBuildConfiguration;
			buildSettings = {
				ARCHS = "$(ARCHS_STANDARD_32_BIT)";
				"CODE_SIGN_IDENTITY[sdk=iphoneos*]" = "iPhone Developer";
				GCC_C_LANGUAGE_STANDARD = c99;
				GCC_WARN_64_TO_32_BIT_CONVERSION = YES;
				GCC_WARN_ABOUT_GLOBAL_CONSTRUCTORS = YES;
				GCC_WARN_ABOUT_MISSING_FIELD_INITIALIZERS = YES;
				GCC_WARN_ABOUT_MISSING_NEWLINE = YES;
				GCC_WARN_ABOUT_RETURN_TYPE = YES;
				GCC_WARN_CHECK_SWITCH_STATEMENTS = YES;
				GCC_WARN_HIDDEN_VIRTUAL_FUNCTIONS = YES;
				GCC_WARN_INITIALIZER_NOT_FULLY_BRACKETED = YES;
				GCC_WARN_MISSING_PARENTHESES = YES;
				GCC_WARN_NON_VIRTUAL_DESTRUCTOR = YES;
				GCC_WARN_SIGN_COMPARE = YES;
				GCC_WARN_UNDECLARED_SELECTOR = YES;
				GCC_WARN_UNKNOWN_PRAGMAS = YES;
				GCC_WARN_UNUSED_FUNCTION = YES;
				GCC_WARN_UNUSED_LABEL = YES;
				GCC_WARN_UNUSED_VALUE = YES;
				GCC_WARN_UNUSED_VARIABLE = YES;
				OTHER_LDFLAGS = "-ObjC";
				PREBINDING = NO;
				SDKROOT = iphoneos;
			};
			name = Debug;
		};
		C01FCF5008A954540054247B /* Release */ = {
			isa = XCBuildConfiguration;
			buildSettings = {
				ARCHS = "$(ARCHS_STANDARD_32_BIT)";
				"CODE_SIGN_IDENTITY[sdk=iphoneos*]" = "iPhone Developer";
				GCC_C_LANGUAGE_STANDARD = c99;
				GCC_WARN_64_TO_32_BIT_CONVERSION = YES;
				GCC_WARN_ABOUT_GLOBAL_CONSTRUCTORS = YES;
				GCC_WARN_ABOUT_MISSING_FIELD_INITIALIZERS = YES;
				GCC_WARN_ABOUT_MISSING_NEWLINE = YES;
				GCC_WARN_ABOUT_RETURN_TYPE = YES;
				GCC_WARN_CHECK_SWITCH_STATEMENTS = YES;
				GCC_WARN_HIDDEN_VIRTUAL_FUNCTIONS = YES;
				GCC_WARN_INITIALIZER_NOT_FULLY_BRACKETED = YES;
				GCC_WARN_MISSING_PARENTHESES = YES;
				GCC_WARN_NON_VIRTUAL_DESTRUCTOR = YES;
				GCC_WARN_SIGN_COMPARE = YES;
				GCC_WARN_UNDECLARED_SELECTOR = YES;
				GCC_WARN_UNKNOWN_PRAGMAS = YES;
				GCC_WARN_UNUSED_FUNCTION = YES;
				GCC_WARN_UNUSED_LABEL = YES;
				GCC_WARN_UNUSED_VALUE = YES;
				GCC_WARN_UNUSED_VARIABLE = YES;
				OTHER_CFLAGS = "-DNS_BLOCK_ASSERTIONS=1";
				OTHER_LDFLAGS = "-ObjC";
				PREBINDING = NO;
				SDKROOT = iphoneos;
			};
			name = Release;
		};
/* End XCBuildConfiguration section */

/* Begin XCConfigurationList section */
		1D6058960D05DD3E006BFB54 /* Build configuration list for PBXNativeTarget "AuralDemo" */ = {
			isa = XCConfigurationList;
			buildConfigurations = (
				1D6058940D05DD3E006BFB54 /* Debug */,
				1D6058950D05DD3E006BFB54 /* Release */,
			);
			defaultConfigurationIsVisible = 0;
			defaultConfigurationName = Release;
		};
		C01FCF4E08A954540054247B /* Build configuration list for PBXProject "Aural" */ = {
			isa = XCConfigurationList;
			buildConfigurations = (
				C01FCF4F08A954540054247B /* Debug */,
				C01FCF5008A954540054247B /* Release */,
			);
			defaultConfigurationIsVisible = 0;
			defaultConfigurationName = Release;
		};
/* End XCConfigurationList section */
	};
	rootObject = 29B97313FDCFA39411CA2CEA /* Project object */;
}
