// !$*UTF8*$!
{
	archiveVersion = 1;
	classes = {
	};
	objectVersion = 46;
	objects = {

/* Begin PBXBuildFile section */
		390BB5F4134013DD00F5A7C4 /* Aural.h in Headers */ = {isa = PBXBuildFile; fileRef = 390BB5C1134013DD00F5A7C4 /* Aural.h */; };
		390BB5F5134013DD00F5A7C4 /* AuralConfig.h in Headers */ = {isa = PBXBuildFile; fileRef = 390BB5C2134013DD00F5A7C4 /* AuralConfig.h */; };
		390BB5F6134013DD00F5A7C4 /* AudioRenderFilter.h in Headers */ = {isa = PBXBuildFile; fileRef = 390BB5C4134013DD00F5A7C4 /* AudioRenderFilter.h */; };
		390BB5F7134013DD00F5A7C4 /* SoundTouchRenderFilter.cpp in Sources */ = {isa = PBXBuildFile; fileRef = 390BB5C5134013DD00F5A7C4 /* SoundTouchRenderFilter.cpp */; };
		390BB5F8134013DD00F5A7C4 /* SoundTouchRenderFilter.h in Headers */ = {isa = PBXBuildFile; fileRef = 390BB5C6134013DD00F5A7C4 /* SoundTouchRenderFilter.h */; };
		390BB5F9134013DD00F5A7C4 /* AudioData.h in Headers */ = {isa = PBXBuildFile; fileRef = 390BB5C8134013DD00F5A7C4 /* AudioData.h */; };
		390BB5FB134013DD00F5A7C4 /* AudioEnvironment.h in Headers */ = {isa = PBXBuildFile; fileRef = 390BB5CA134013DD00F5A7C4 /* AudioEnvironment.h */; };
		390BB5FC134013DD00F5A7C4 /* AudioManager.h in Headers */ = {isa = PBXBuildFile; fileRef = 390BB5CB134013DD00F5A7C4 /* AudioManager.h */; };
		390BB5FD134013DD00F5A7C4 /* AudioEmitter.h in Headers */ = {isa = PBXBuildFile; fileRef = 390BB5CC134013DD00F5A7C4 /* AudioEmitter.h */; };
		390BB5FE134013DD00F5A7C4 /* IOSAudioEnvironment.cpp in Sources */ = {isa = PBXBuildFile; fileRef = 390BB5CE134013DD00F5A7C4 /* IOSAudioEnvironment.cpp */; };
		390BB5FF134013DD00F5A7C4 /* IOSAudioEnvironment.h in Headers */ = {isa = PBXBuildFile; fileRef = 390BB5CF134013DD00F5A7C4 /* IOSAudioEnvironment.h */; };
		390BB600134013DD00F5A7C4 /* IOSAudioManager.cpp in Sources */ = {isa = PBXBuildFile; fileRef = 390BB5D0134013DD00F5A7C4 /* IOSAudioManager.cpp */; };
		390BB601134013DD00F5A7C4 /* IOSAudioManager.h in Headers */ = {isa = PBXBuildFile; fileRef = 390BB5D1134013DD00F5A7C4 /* IOSAudioManager.h */; };
		390BB602134013DD00F5A7C4 /* IOSAudioEmitter.cpp in Sources */ = {isa = PBXBuildFile; fileRef = 390BB5D2134013DD00F5A7C4 /* IOSAudioEmitter.cpp */; };
		390BB603134013DD00F5A7C4 /* IOSAudioEmitter.h in Headers */ = {isa = PBXBuildFile; fileRef = 390BB5D3134013DD00F5A7C4 /* IOSAudioEmitter.h */; };
		390BB604134013DD00F5A7C4 /* IOSRenderFilters.cpp in Sources */ = {isa = PBXBuildFile; fileRef = 390BB5D4134013DD00F5A7C4 /* IOSRenderFilters.cpp */; };
		390BB605134013DD00F5A7C4 /* IOSRenderFilters.h in Headers */ = {isa = PBXBuildFile; fileRef = 390BB5D5134013DD00F5A7C4 /* IOSRenderFilters.h */; };
		390BB606134013DD00F5A7C4 /* DataBuffer.h in Headers */ = {isa = PBXBuildFile; fileRef = 390BB5D7134013DD00F5A7C4 /* DataBuffer.h */; };
		390BB607134013DD00F5A7C4 /* DataBuffer.m in Sources */ = {isa = PBXBuildFile; fileRef = 390BB5D8134013DD00F5A7C4 /* DataBuffer.m */; };
		390BB608134013DD00F5A7C4 /* KSAudioFile.h in Headers */ = {isa = PBXBuildFile; fileRef = 390BB5D9134013DD00F5A7C4 /* KSAudioFile.h */; };
		390BB609134013DD00F5A7C4 /* KSAudioFile.m in Sources */ = {isa = PBXBuildFile; fileRef = 390BB5DA134013DD00F5A7C4 /* KSAudioFile.m */; };
		390BB60A134013DD00F5A7C4 /* NSMutableArray+WeakReferences.h in Headers */ = {isa = PBXBuildFile; fileRef = 390BB5DB134013DD00F5A7C4 /* NSMutableArray+WeakReferences.h */; };
		390BB60B134013DD00F5A7C4 /* NSMutableArray+WeakReferences.m in Sources */ = {isa = PBXBuildFile; fileRef = 390BB5DC134013DD00F5A7C4 /* NSMutableArray+WeakReferences.m */; };
		390BB60C134013DD00F5A7C4 /* OALAudioSession.h in Headers */ = {isa = PBXBuildFile; fileRef = 390BB5DD134013DD00F5A7C4 /* OALAudioSession.h */; };
		390BB60D134013DD00F5A7C4 /* OALAudioSession.m in Sources */ = {isa = PBXBuildFile; fileRef = 390BB5DE134013DD00F5A7C4 /* OALAudioSession.m */; };
		390BB60E134013DD00F5A7C4 /* OALNotifications.h in Headers */ = {isa = PBXBuildFile; fileRef = 390BB5DF134013DD00F5A7C4 /* OALNotifications.h */; };
		390BB60F134013DD00F5A7C4 /* OALSuspendHandler.h in Headers */ = {isa = PBXBuildFile; fileRef = 390BB5E0134013DD00F5A7C4 /* OALSuspendHandler.h */; };
		390BB610134013DD00F5A7C4 /* OALSuspendHandler.m in Sources */ = {isa = PBXBuildFile; fileRef = 390BB5E1134013DD00F5A7C4 /* OALSuspendHandler.m */; };
		390BB611134013DD00F5A7C4 /* OALTools.h in Headers */ = {isa = PBXBuildFile; fileRef = 390BB5E2134013DD00F5A7C4 /* OALTools.h */; };
		390BB612134013DD00F5A7C4 /* OALTools.m in Sources */ = {isa = PBXBuildFile; fileRef = 390BB5E3134013DD00F5A7C4 /* OALTools.m */; };
		390BB613134013DD00F5A7C4 /* ObjectALConfig.h in Headers */ = {isa = PBXBuildFile; fileRef = 390BB5E4134013DD00F5A7C4 /* ObjectALConfig.h */; };
		390BB614134013DD00F5A7C4 /* ObjectALMacros.h in Headers */ = {isa = PBXBuildFile; fileRef = 390BB5E5134013DD00F5A7C4 /* ObjectALMacros.h */; };
		390BB615134013DD00F5A7C4 /* SynthesizeSingleton.h in Headers */ = {isa = PBXBuildFile; fileRef = 390BB5E6134013DD00F5A7C4 /* SynthesizeSingleton.h */; };
		390BB616134013DD00F5A7C4 /* AudioUnitHelpers.cpp in Sources */ = {isa = PBXBuildFile; fileRef = 390BB5E8134013DD00F5A7C4 /* AudioUnitHelpers.cpp */; };
		390BB617134013DD00F5A7C4 /* AudioUnitHelpers.h in Headers */ = {isa = PBXBuildFile; fileRef = 390BB5E9134013DD00F5A7C4 /* AudioUnitHelpers.h */; };
		390BB618134013DD00F5A7C4 /* Information.cpp in Sources */ = {isa = PBXBuildFile; fileRef = 390BB5EA134013DD00F5A7C4 /* Information.cpp */; };
		390BB619134013DD00F5A7C4 /* Information.h in Headers */ = {isa = PBXBuildFile; fileRef = 390BB5EB134013DD00F5A7C4 /* Information.h */; };
		390BB61A134013DD00F5A7C4 /* KSAudioFile+AudioData.h in Headers */ = {isa = PBXBuildFile; fileRef = 390BB5EC134013DD00F5A7C4 /* KSAudioFile+AudioData.h */; };
		390BB61B134013DD00F5A7C4 /* KSAudioFile+AudioData.mm in Sources */ = {isa = PBXBuildFile; fileRef = 390BB5ED134013DD00F5A7C4 /* KSAudioFile+AudioData.mm */; };
		390BB61C134013DD00F5A7C4 /* Logging.h in Headers */ = {isa = PBXBuildFile; fileRef = 390BB5EE134013DD00F5A7C4 /* Logging.h */; };
		390BB61D134013DD00F5A7C4 /* Logging.mm in Sources */ = {isa = PBXBuildFile; fileRef = 390BB5EF134013DD00F5A7C4 /* Logging.mm */; };
		390BB61E134013DD00F5A7C4 /* Macros.h in Headers */ = {isa = PBXBuildFile; fileRef = 390BB5F0134013DD00F5A7C4 /* Macros.h */; };
		390BB61F134013DD00F5A7C4 /* Mutex.h in Headers */ = {isa = PBXBuildFile; fileRef = 390BB5F1134013DD00F5A7C4 /* Mutex.h */; };
		390BB620134013DD00F5A7C4 /* Util.cpp in Sources */ = {isa = PBXBuildFile; fileRef = 390BB5F2134013DD00F5A7C4 /* Util.cpp */; };
		390BB621134013DD00F5A7C4 /* Util.h in Headers */ = {isa = PBXBuildFile; fileRef = 390BB5F3134013DD00F5A7C4 /* Util.h */; };
		390BB62413402D6B00F5A7C4 /* CommonRenderFilters.cpp in Sources */ = {isa = PBXBuildFile; fileRef = 390BB62213402D6B00F5A7C4 /* CommonRenderFilters.cpp */; };
		390BB62513402D6B00F5A7C4 /* CommonRenderFilters.h in Headers */ = {isa = PBXBuildFile; fileRef = 390BB62313402D6B00F5A7C4 /* CommonRenderFilters.h */; };
		390BB8A413417D7800F5A7C4 /* IOSAudioData.h in Headers */ = {isa = PBXBuildFile; fileRef = 390BB8A213417D7800F5A7C4 /* IOSAudioData.h */; };
		390BB8A513417D7800F5A7C4 /* IOSAudioData.cpp in Sources */ = {isa = PBXBuildFile; fileRef = 390BB8A313417D7800F5A7C4 /* IOSAudioData.cpp */; };
		398A26F4133BAD6D00C03008 /* Foundation.framework in Frameworks */ = {isa = PBXBuildFile; fileRef = 398A26F3133BAD6D00C03008 /* Foundation.framework */; };
		398A26FF133BAD6D00C03008 /* UIKit.framework in Frameworks */ = {isa = PBXBuildFile; fileRef = 398A26FE133BAD6D00C03008 /* UIKit.framework */; };
		398A2700133BAD6D00C03008 /* Foundation.framework in Frameworks */ = {isa = PBXBuildFile; fileRef = 398A26F3133BAD6D00C03008 /* Foundation.framework */; };
		398A2702133BAD6D00C03008 /* CoreGraphics.framework in Frameworks */ = {isa = PBXBuildFile; fileRef = 398A2701133BAD6D00C03008 /* CoreGraphics.framework */; };
		398A2705133BAD6D00C03008 /* libAural.a in Frameworks */ = {isa = PBXBuildFile; fileRef = 398A26F0133BAD6D00C03008 /* libAural.a */; };
		398A270B133BAD6D00C03008 /* InfoPlist.strings in Resources */ = {isa = PBXBuildFile; fileRef = 398A2709133BAD6D00C03008 /* InfoPlist.strings */; };
		398A270E133BAD6D00C03008 /* AuralTests.h in Resources */ = {isa = PBXBuildFile; fileRef = 398A270D133BAD6D00C03008 /* AuralTests.h */; };
		398A2710133BAD6D00C03008 /* AuralTests.m in Sources */ = {isa = PBXBuildFile; fileRef = 398A270F133BAD6D00C03008 /* AuralTests.m */; };
		398A271F133BAD7700C03008 /* UIKit.framework in Frameworks */ = {isa = PBXBuildFile; fileRef = 398A26FE133BAD6D00C03008 /* UIKit.framework */; };
		398A2720133BAD7700C03008 /* Foundation.framework in Frameworks */ = {isa = PBXBuildFile; fileRef = 398A26F3133BAD6D00C03008 /* Foundation.framework */; };
		398A2721133BAD7700C03008 /* CoreGraphics.framework in Frameworks */ = {isa = PBXBuildFile; fileRef = 398A2701133BAD6D00C03008 /* CoreGraphics.framework */; };
		398A2727133BAD7700C03008 /* InfoPlist.strings in Resources */ = {isa = PBXBuildFile; fileRef = 398A2725133BAD7700C03008 /* InfoPlist.strings */; };
		398A272A133BAD7700C03008 /* main.m in Sources */ = {isa = PBXBuildFile; fileRef = 398A2729133BAD7700C03008 /* main.m */; };
		398A272D133BAD7700C03008 /* AuralDemoAppDelegate.mm in Sources */ = {isa = PBXBuildFile; fileRef = 398A272C133BAD7700C03008 /* AuralDemoAppDelegate.mm */; };
		398A2730133BAD7700C03008 /* MainWindow.xib in Resources */ = {isa = PBXBuildFile; fileRef = 398A272E133BAD7700C03008 /* MainWindow.xib */; };
		398A2733133BAD7700C03008 /* AuralDemoViewController.mm in Sources */ = {isa = PBXBuildFile; fileRef = 398A2732133BAD7700C03008 /* AuralDemoViewController.mm */; };
		398A27B1133BB18000C03008 /* AudioToolbox.framework in Frameworks */ = {isa = PBXBuildFile; fileRef = 398A27B0133BB18000C03008 /* AudioToolbox.framework */; };
		398A27B3133BB18300C03008 /* AVFoundation.framework in Frameworks */ = {isa = PBXBuildFile; fileRef = 398A27B2133BB18300C03008 /* AVFoundation.framework */; };
		39906C17133C461500F1D7B1 /* SoundTouch.framework in Frameworks */ = {isa = PBXBuildFile; fileRef = 39906C16133C461500F1D7B1 /* SoundTouch.framework */; };
		39906C18133C461500F1D7B1 /* SoundTouch.framework in Frameworks */ = {isa = PBXBuildFile; fileRef = 39906C16133C461500F1D7B1 /* SoundTouch.framework */; };
		39906C2C133C482600F1D7B1 /* libAural.a in Frameworks */ = {isa = PBXBuildFile; fileRef = 398A26F0133BAD6D00C03008 /* libAural.a */; };
		39906C34133C4A5400F1D7B1 /* AuralDemoViewController.xib in Resources */ = {isa = PBXBuildFile; fileRef = 39906C33133C4A5400F1D7B1 /* AuralDemoViewController.xib */; };
		39906C3E133C4F2F00F1D7B1 /* ColdFunk.caf in Resources */ = {isa = PBXBuildFile; fileRef = 398A279E133BADC900C03008 /* ColdFunk.caf */; };
/* End PBXBuildFile section */

/* Begin PBXContainerItemProxy section */
		398A2703133BAD6D00C03008 /* PBXContainerItemProxy */ = {
			isa = PBXContainerItemProxy;
			containerPortal = 398A26E7133BAD6D00C03008 /* Project object */;
			proxyType = 1;
			remoteGlobalIDString = 398A26EF133BAD6D00C03008;
			remoteInfo = Aural;
		};
		39906C2A133C482200F1D7B1 /* PBXContainerItemProxy */ = {
			isa = PBXContainerItemProxy;
			containerPortal = 398A26E7133BAD6D00C03008 /* Project object */;
			proxyType = 1;
			remoteGlobalIDString = 398A26EF133BAD6D00C03008;
			remoteInfo = Aural;
		};
/* End PBXContainerItemProxy section */

/* Begin PBXFileReference section */
		390BB5C1134013DD00F5A7C4 /* Aural.h */ = {isa = PBXFileReference; fileEncoding = 4; lastKnownFileType = sourcecode.c.h; path = Aural.h; sourceTree = "<group>"; };
		390BB5C2134013DD00F5A7C4 /* AuralConfig.h */ = {isa = PBXFileReference; fileEncoding = 4; lastKnownFileType = sourcecode.c.h; path = AuralConfig.h; sourceTree = "<group>"; };
		390BB5C4134013DD00F5A7C4 /* AudioRenderFilter.h */ = {isa = PBXFileReference; fileEncoding = 4; lastKnownFileType = sourcecode.c.h; path = AudioRenderFilter.h; sourceTree = "<group>"; };
		390BB5C5134013DD00F5A7C4 /* SoundTouchRenderFilter.cpp */ = {isa = PBXFileReference; fileEncoding = 4; lastKnownFileType = sourcecode.cpp.cpp; path = SoundTouchRenderFilter.cpp; sourceTree = "<group>"; };
		390BB5C6134013DD00F5A7C4 /* SoundTouchRenderFilter.h */ = {isa = PBXFileReference; fileEncoding = 4; lastKnownFileType = sourcecode.c.h; path = SoundTouchRenderFilter.h; sourceTree = "<group>"; };
		390BB5C8134013DD00F5A7C4 /* AudioData.h */ = {isa = PBXFileReference; fileEncoding = 4; lastKnownFileType = sourcecode.c.h; path = AudioData.h; sourceTree = "<group>"; };
		390BB5CA134013DD00F5A7C4 /* AudioEnvironment.h */ = {isa = PBXFileReference; fileEncoding = 4; lastKnownFileType = sourcecode.c.h; path = AudioEnvironment.h; sourceTree = "<group>"; };
		390BB5CB134013DD00F5A7C4 /* AudioManager.h */ = {isa = PBXFileReference; fileEncoding = 4; lastKnownFileType = sourcecode.c.h; path = AudioManager.h; sourceTree = "<group>"; };
		390BB5CC134013DD00F5A7C4 /* AudioEmitter.h */ = {isa = PBXFileReference; fileEncoding = 4; lastKnownFileType = sourcecode.c.h; path = AudioEmitter.h; sourceTree = "<group>"; };
		390BB5CE134013DD00F5A7C4 /* IOSAudioEnvironment.cpp */ = {isa = PBXFileReference; fileEncoding = 4; lastKnownFileType = sourcecode.cpp.cpp; path = IOSAudioEnvironment.cpp; sourceTree = "<group>"; };
		390BB5CF134013DD00F5A7C4 /* IOSAudioEnvironment.h */ = {isa = PBXFileReference; fileEncoding = 4; lastKnownFileType = sourcecode.c.h; path = IOSAudioEnvironment.h; sourceTree = "<group>"; };
		390BB5D0134013DD00F5A7C4 /* IOSAudioManager.cpp */ = {isa = PBXFileReference; fileEncoding = 4; lastKnownFileType = sourcecode.cpp.cpp; path = IOSAudioManager.cpp; sourceTree = "<group>"; };
		390BB5D1134013DD00F5A7C4 /* IOSAudioManager.h */ = {isa = PBXFileReference; fileEncoding = 4; lastKnownFileType = sourcecode.c.h; path = IOSAudioManager.h; sourceTree = "<group>"; };
		390BB5D2134013DD00F5A7C4 /* IOSAudioEmitter.cpp */ = {isa = PBXFileReference; fileEncoding = 4; lastKnownFileType = sourcecode.cpp.cpp; path = IOSAudioEmitter.cpp; sourceTree = "<group>"; };
		390BB5D3134013DD00F5A7C4 /* IOSAudioEmitter.h */ = {isa = PBXFileReference; fileEncoding = 4; lastKnownFileType = sourcecode.c.h; path = IOSAudioEmitter.h; sourceTree = "<group>"; };
		390BB5D4134013DD00F5A7C4 /* IOSRenderFilters.cpp */ = {isa = PBXFileReference; fileEncoding = 4; lastKnownFileType = sourcecode.cpp.cpp; path = IOSRenderFilters.cpp; sourceTree = "<group>"; };
		390BB5D5134013DD00F5A7C4 /* IOSRenderFilters.h */ = {isa = PBXFileReference; fileEncoding = 4; lastKnownFileType = sourcecode.c.h; path = IOSRenderFilters.h; sourceTree = "<group>"; };
		390BB5D7134013DD00F5A7C4 /* DataBuffer.h */ = {isa = PBXFileReference; fileEncoding = 4; lastKnownFileType = sourcecode.c.h; path = DataBuffer.h; sourceTree = "<group>"; };
		390BB5D8134013DD00F5A7C4 /* DataBuffer.m */ = {isa = PBXFileReference; fileEncoding = 4; lastKnownFileType = sourcecode.c.objc; path = DataBuffer.m; sourceTree = "<group>"; };
		390BB5D9134013DD00F5A7C4 /* KSAudioFile.h */ = {isa = PBXFileReference; fileEncoding = 4; lastKnownFileType = sourcecode.c.h; path = KSAudioFile.h; sourceTree = "<group>"; };
		390BB5DA134013DD00F5A7C4 /* KSAudioFile.m */ = {isa = PBXFileReference; fileEncoding = 4; lastKnownFileType = sourcecode.c.objc; path = KSAudioFile.m; sourceTree = "<group>"; };
		390BB5DB134013DD00F5A7C4 /* NSMutableArray+WeakReferences.h */ = {isa = PBXFileReference; fileEncoding = 4; lastKnownFileType = sourcecode.c.h; path = "NSMutableArray+WeakReferences.h"; sourceTree = "<group>"; };
		390BB5DC134013DD00F5A7C4 /* NSMutableArray+WeakReferences.m */ = {isa = PBXFileReference; fileEncoding = 4; lastKnownFileType = sourcecode.c.objc; path = "NSMutableArray+WeakReferences.m"; sourceTree = "<group>"; };
		390BB5DD134013DD00F5A7C4 /* OALAudioSession.h */ = {isa = PBXFileReference; fileEncoding = 4; lastKnownFileType = sourcecode.c.h; path = OALAudioSession.h; sourceTree = "<group>"; };
		390BB5DE134013DD00F5A7C4 /* OALAudioSession.m */ = {isa = PBXFileReference; fileEncoding = 4; lastKnownFileType = sourcecode.c.objc; path = OALAudioSession.m; sourceTree = "<group>"; };
		390BB5DF134013DD00F5A7C4 /* OALNotifications.h */ = {isa = PBXFileReference; fileEncoding = 4; lastKnownFileType = sourcecode.c.h; path = OALNotifications.h; sourceTree = "<group>"; };
		390BB5E0134013DD00F5A7C4 /* OALSuspendHandler.h */ = {isa = PBXFileReference; fileEncoding = 4; lastKnownFileType = sourcecode.c.h; path = OALSuspendHandler.h; sourceTree = "<group>"; };
		390BB5E1134013DD00F5A7C4 /* OALSuspendHandler.m */ = {isa = PBXFileReference; fileEncoding = 4; lastKnownFileType = sourcecode.c.objc; path = OALSuspendHandler.m; sourceTree = "<group>"; };
		390BB5E2134013DD00F5A7C4 /* OALTools.h */ = {isa = PBXFileReference; fileEncoding = 4; lastKnownFileType = sourcecode.c.h; path = OALTools.h; sourceTree = "<group>"; };
		390BB5E3134013DD00F5A7C4 /* OALTools.m */ = {isa = PBXFileReference; fileEncoding = 4; lastKnownFileType = sourcecode.c.objc; path = OALTools.m; sourceTree = "<group>"; };
		390BB5E4134013DD00F5A7C4 /* ObjectALConfig.h */ = {isa = PBXFileReference; fileEncoding = 4; lastKnownFileType = sourcecode.c.h; path = ObjectALConfig.h; sourceTree = "<group>"; };
		390BB5E5134013DD00F5A7C4 /* ObjectALMacros.h */ = {isa = PBXFileReference; fileEncoding = 4; lastKnownFileType = sourcecode.c.h; path = ObjectALMacros.h; sourceTree = "<group>"; };
		390BB5E6134013DD00F5A7C4 /* SynthesizeSingleton.h */ = {isa = PBXFileReference; fileEncoding = 4; lastKnownFileType = sourcecode.c.h; path = SynthesizeSingleton.h; sourceTree = "<group>"; };
		390BB5E8134013DD00F5A7C4 /* AudioUnitHelpers.cpp */ = {isa = PBXFileReference; fileEncoding = 4; lastKnownFileType = sourcecode.cpp.cpp; path = AudioUnitHelpers.cpp; sourceTree = "<group>"; };
		390BB5E9134013DD00F5A7C4 /* AudioUnitHelpers.h */ = {isa = PBXFileReference; fileEncoding = 4; lastKnownFileType = sourcecode.c.h; path = AudioUnitHelpers.h; sourceTree = "<group>"; };
		390BB5EA134013DD00F5A7C4 /* Information.cpp */ = {isa = PBXFileReference; fileEncoding = 4; lastKnownFileType = sourcecode.cpp.cpp; path = Information.cpp; sourceTree = "<group>"; };
		390BB5EB134013DD00F5A7C4 /* Information.h */ = {isa = PBXFileReference; fileEncoding = 4; lastKnownFileType = sourcecode.c.h; path = Information.h; sourceTree = "<group>"; };
		390BB5EC134013DD00F5A7C4 /* KSAudioFile+AudioData.h */ = {isa = PBXFileReference; fileEncoding = 4; lastKnownFileType = sourcecode.c.h; path = "KSAudioFile+AudioData.h"; sourceTree = "<group>"; };
		390BB5ED134013DD00F5A7C4 /* KSAudioFile+AudioData.mm */ = {isa = PBXFileReference; fileEncoding = 4; lastKnownFileType = sourcecode.cpp.objcpp; path = "KSAudioFile+AudioData.mm"; sourceTree = "<group>"; };
		390BB5EE134013DD00F5A7C4 /* Logging.h */ = {isa = PBXFileReference; fileEncoding = 4; lastKnownFileType = sourcecode.c.h; path = Logging.h; sourceTree = "<group>"; };
		390BB5EF134013DD00F5A7C4 /* Logging.mm */ = {isa = PBXFileReference; fileEncoding = 4; lastKnownFileType = sourcecode.cpp.objcpp; path = Logging.mm; sourceTree = "<group>"; };
		390BB5F0134013DD00F5A7C4 /* Macros.h */ = {isa = PBXFileReference; fileEncoding = 4; lastKnownFileType = sourcecode.c.h; path = Macros.h; sourceTree = "<group>"; };
		390BB5F1134013DD00F5A7C4 /* Mutex.h */ = {isa = PBXFileReference; fileEncoding = 4; lastKnownFileType = sourcecode.c.h; path = Mutex.h; sourceTree = "<group>"; };
		390BB5F2134013DD00F5A7C4 /* Util.cpp */ = {isa = PBXFileReference; fileEncoding = 4; lastKnownFileType = sourcecode.cpp.cpp; path = Util.cpp; sourceTree = "<group>"; };
		390BB5F3134013DD00F5A7C4 /* Util.h */ = {isa = PBXFileReference; fileEncoding = 4; lastKnownFileType = sourcecode.c.h; path = Util.h; sourceTree = "<group>"; };
		390BB62213402D6B00F5A7C4 /* CommonRenderFilters.cpp */ = {isa = PBXFileReference; fileEncoding = 4; lastKnownFileType = sourcecode.cpp.cpp; path = CommonRenderFilters.cpp; sourceTree = "<group>"; };
		390BB62313402D6B00F5A7C4 /* CommonRenderFilters.h */ = {isa = PBXFileReference; fileEncoding = 4; lastKnownFileType = sourcecode.c.h; path = CommonRenderFilters.h; sourceTree = "<group>"; };
		390BB8A213417D7800F5A7C4 /* IOSAudioData.h */ = {isa = PBXFileReference; fileEncoding = 4; lastKnownFileType = sourcecode.c.h; path = IOSAudioData.h; sourceTree = "<group>"; };
		390BB8A313417D7800F5A7C4 /* IOSAudioData.cpp */ = {isa = PBXFileReference; fileEncoding = 4; lastKnownFileType = sourcecode.cpp.cpp; path = IOSAudioData.cpp; sourceTree = "<group>"; };
		398A26F0133BAD6D00C03008 /* libAural.a */ = {isa = PBXFileReference; explicitFileType = archive.ar; includeInIndex = 0; path = libAural.a; sourceTree = BUILT_PRODUCTS_DIR; };
		398A26F3133BAD6D00C03008 /* Foundation.framework */ = {isa = PBXFileReference; lastKnownFileType = wrapper.framework; name = Foundation.framework; path = System/Library/Frameworks/Foundation.framework; sourceTree = SDKROOT; };
		398A26F7133BAD6D00C03008 /* Aural-Prefix.pch */ = {isa = PBXFileReference; lastKnownFileType = sourcecode.c.h; path = "Aural-Prefix.pch"; sourceTree = "<group>"; };
		398A26FD133BAD6D00C03008 /* AuralTests.octest */ = {isa = PBXFileReference; explicitFileType = wrapper.cfbundle; includeInIndex = 0; path = AuralTests.octest; sourceTree = BUILT_PRODUCTS_DIR; };
		398A26FE133BAD6D00C03008 /* UIKit.framework */ = {isa = PBXFileReference; lastKnownFileType = wrapper.framework; name = UIKit.framework; path = System/Library/Frameworks/UIKit.framework; sourceTree = SDKROOT; };
		398A2701133BAD6D00C03008 /* CoreGraphics.framework */ = {isa = PBXFileReference; lastKnownFileType = wrapper.framework; name = CoreGraphics.framework; path = System/Library/Frameworks/CoreGraphics.framework; sourceTree = SDKROOT; };
		398A2708133BAD6D00C03008 /* AuralTests-Info.plist */ = {isa = PBXFileReference; lastKnownFileType = text.plist.xml; path = "AuralTests-Info.plist"; sourceTree = "<group>"; };
		398A270A133BAD6D00C03008 /* en */ = {isa = PBXFileReference; lastKnownFileType = text.plist.strings; name = en; path = en.lproj/InfoPlist.strings; sourceTree = "<group>"; };
		398A270C133BAD6D00C03008 /* AuralTests-Prefix.pch */ = {isa = PBXFileReference; lastKnownFileType = sourcecode.c.h; path = "AuralTests-Prefix.pch"; sourceTree = "<group>"; };
		398A270D133BAD6D00C03008 /* AuralTests.h */ = {isa = PBXFileReference; lastKnownFileType = sourcecode.c.h; path = AuralTests.h; sourceTree = "<group>"; };
		398A270F133BAD6D00C03008 /* AuralTests.m */ = {isa = PBXFileReference; lastKnownFileType = sourcecode.c.objc; path = AuralTests.m; sourceTree = "<group>"; };
		398A271D133BAD7700C03008 /* AuralDemo.app */ = {isa = PBXFileReference; explicitFileType = wrapper.application; includeInIndex = 0; path = AuralDemo.app; sourceTree = BUILT_PRODUCTS_DIR; };
		398A2724133BAD7700C03008 /* AuralDemo-Info.plist */ = {isa = PBXFileReference; lastKnownFileType = text.plist.xml; path = "AuralDemo-Info.plist"; sourceTree = "<group>"; };
		398A2726133BAD7700C03008 /* en */ = {isa = PBXFileReference; lastKnownFileType = text.plist.strings; name = en; path = en.lproj/InfoPlist.strings; sourceTree = "<group>"; };
		398A2728133BAD7700C03008 /* AuralDemo-Prefix.pch */ = {isa = PBXFileReference; lastKnownFileType = sourcecode.c.h; path = "AuralDemo-Prefix.pch"; sourceTree = "<group>"; };
		398A2729133BAD7700C03008 /* main.m */ = {isa = PBXFileReference; lastKnownFileType = sourcecode.c.objc; path = main.m; sourceTree = "<group>"; };
		398A272B133BAD7700C03008 /* AuralDemoAppDelegate.h */ = {isa = PBXFileReference; lastKnownFileType = sourcecode.c.h; path = AuralDemoAppDelegate.h; sourceTree = "<group>"; };
		398A272C133BAD7700C03008 /* AuralDemoAppDelegate.mm */ = {isa = PBXFileReference; lastKnownFileType = sourcecode.cpp.objcpp; path = AuralDemoAppDelegate.mm; sourceTree = "<group>"; };
		398A272F133BAD7700C03008 /* en */ = {isa = PBXFileReference; lastKnownFileType = file.xib; name = en; path = en.lproj/MainWindow.xib; sourceTree = "<group>"; };
		398A2731133BAD7700C03008 /* AuralDemoViewController.h */ = {isa = PBXFileReference; lastKnownFileType = sourcecode.c.h; path = AuralDemoViewController.h; sourceTree = "<group>"; };
		398A2732133BAD7700C03008 /* AuralDemoViewController.mm */ = {isa = PBXFileReference; lastKnownFileType = sourcecode.cpp.objcpp; path = AuralDemoViewController.mm; sourceTree = "<group>"; };
		398A279D133BADC900C03008 /* AssetSources.txt */ = {isa = PBXFileReference; fileEncoding = 4; lastKnownFileType = text; path = AssetSources.txt; sourceTree = "<group>"; };
		398A279E133BADC900C03008 /* ColdFunk.caf */ = {isa = PBXFileReference; lastKnownFileType = file; path = ColdFunk.caf; sourceTree = "<group>"; };
		398A27B0133BB18000C03008 /* AudioToolbox.framework */ = {isa = PBXFileReference; lastKnownFileType = wrapper.framework; name = AudioToolbox.framework; path = System/Library/Frameworks/AudioToolbox.framework; sourceTree = SDKROOT; };
		398A27B2133BB18300C03008 /* AVFoundation.framework */ = {isa = PBXFileReference; lastKnownFileType = wrapper.framework; name = AVFoundation.framework; path = System/Library/Frameworks/AVFoundation.framework; sourceTree = SDKROOT; };
		39906C16133C461500F1D7B1 /* SoundTouch.framework */ = {isa = PBXFileReference; lastKnownFileType = wrapper.framework; path = SoundTouch.framework; sourceTree = "<group>"; };
		39906C33133C4A5400F1D7B1 /* AuralDemoViewController.xib */ = {isa = PBXFileReference; fileEncoding = 4; lastKnownFileType = file.xib; path = AuralDemoViewController.xib; sourceTree = "<group>"; };
/* End PBXFileReference section */

/* Begin PBXFrameworksBuildPhase section */
		398A26ED133BAD6D00C03008 /* Frameworks */ = {
			isa = PBXFrameworksBuildPhase;
			buildActionMask = 2147483647;
			files = (
				398A26F4133BAD6D00C03008 /* Foundation.framework in Frameworks */,
				39906C17133C461500F1D7B1 /* SoundTouch.framework in Frameworks */,
			);
			runOnlyForDeploymentPostprocessing = 0;
		};
		398A26F9133BAD6D00C03008 /* Frameworks */ = {
			isa = PBXFrameworksBuildPhase;
			buildActionMask = 2147483647;
			files = (
				398A26FF133BAD6D00C03008 /* UIKit.framework in Frameworks */,
				398A2700133BAD6D00C03008 /* Foundation.framework in Frameworks */,
				398A2702133BAD6D00C03008 /* CoreGraphics.framework in Frameworks */,
				398A2705133BAD6D00C03008 /* libAural.a in Frameworks */,
			);
			runOnlyForDeploymentPostprocessing = 0;
		};
		398A271A133BAD7700C03008 /* Frameworks */ = {
			isa = PBXFrameworksBuildPhase;
			buildActionMask = 2147483647;
			files = (
				39906C2C133C482600F1D7B1 /* libAural.a in Frameworks */,
				398A27B3133BB18300C03008 /* AVFoundation.framework in Frameworks */,
				398A27B1133BB18000C03008 /* AudioToolbox.framework in Frameworks */,
				398A271F133BAD7700C03008 /* UIKit.framework in Frameworks */,
				398A2720133BAD7700C03008 /* Foundation.framework in Frameworks */,
				398A2721133BAD7700C03008 /* CoreGraphics.framework in Frameworks */,
				39906C18133C461500F1D7B1 /* SoundTouch.framework in Frameworks */,
			);
			runOnlyForDeploymentPostprocessing = 0;
		};
/* End PBXFrameworksBuildPhase section */

/* Begin PBXGroup section */
		390BB5C3134013DD00F5A7C4 /* Filters */ = {
			isa = PBXGroup;
			children = (
				390BB5C4134013DD00F5A7C4 /* AudioRenderFilter.h */,
				390BB62213402D6B00F5A7C4 /* CommonRenderFilters.cpp */,
				390BB62313402D6B00F5A7C4 /* CommonRenderFilters.h */,
				390BB5C5134013DD00F5A7C4 /* SoundTouchRenderFilter.cpp */,
				390BB5C6134013DD00F5A7C4 /* SoundTouchRenderFilter.h */,
			);
			path = Filters;
			sourceTree = "<group>";
		};
		390BB5C7134013DD00F5A7C4 /* Interface */ = {
			isa = PBXGroup;
			children = (
				390BB5C8134013DD00F5A7C4 /* AudioData.h */,
				390BB5CC134013DD00F5A7C4 /* AudioEmitter.h */,
				390BB5CA134013DD00F5A7C4 /* AudioEnvironment.h */,
				390BB5CB134013DD00F5A7C4 /* AudioManager.h */,
			);
			path = Interface;
			sourceTree = "<group>";
		};
		390BB5CD134013DD00F5A7C4 /* iOS */ = {
			isa = PBXGroup;
			children = (
				390BB8A213417D7800F5A7C4 /* IOSAudioData.h */,
				390BB8A313417D7800F5A7C4 /* IOSAudioData.cpp */,
				390BB5D2134013DD00F5A7C4 /* IOSAudioEmitter.cpp */,
				390BB5D3134013DD00F5A7C4 /* IOSAudioEmitter.h */,
				390BB5CE134013DD00F5A7C4 /* IOSAudioEnvironment.cpp */,
				390BB5CF134013DD00F5A7C4 /* IOSAudioEnvironment.h */,
				390BB5D0134013DD00F5A7C4 /* IOSAudioManager.cpp */,
				390BB5D1134013DD00F5A7C4 /* IOSAudioManager.h */,
				390BB5D4134013DD00F5A7C4 /* IOSRenderFilters.cpp */,
				390BB5D5134013DD00F5A7C4 /* IOSRenderFilters.h */,
			);
			path = iOS;
			sourceTree = "<group>";
		};
		390BB5D6134013DD00F5A7C4 /* Support */ = {
			isa = PBXGroup;
			children = (
				390BB5D7134013DD00F5A7C4 /* DataBuffer.h */,
				390BB5D8134013DD00F5A7C4 /* DataBuffer.m */,
				390BB5D9134013DD00F5A7C4 /* KSAudioFile.h */,
				390BB5DA134013DD00F5A7C4 /* KSAudioFile.m */,
				390BB5DB134013DD00F5A7C4 /* NSMutableArray+WeakReferences.h */,
				390BB5DC134013DD00F5A7C4 /* NSMutableArray+WeakReferences.m */,
				390BB5DD134013DD00F5A7C4 /* OALAudioSession.h */,
				390BB5DE134013DD00F5A7C4 /* OALAudioSession.m */,
				390BB5DF134013DD00F5A7C4 /* OALNotifications.h */,
				390BB5E0134013DD00F5A7C4 /* OALSuspendHandler.h */,
				390BB5E1134013DD00F5A7C4 /* OALSuspendHandler.m */,
				390BB5E2134013DD00F5A7C4 /* OALTools.h */,
				390BB5E3134013DD00F5A7C4 /* OALTools.m */,
				390BB5E4134013DD00F5A7C4 /* ObjectALConfig.h */,
				390BB5E5134013DD00F5A7C4 /* ObjectALMacros.h */,
				390BB5E6134013DD00F5A7C4 /* SynthesizeSingleton.h */,
			);
			path = Support;
			sourceTree = "<group>";
		};
		390BB5E7134013DD00F5A7C4 /* Utility */ = {
			isa = PBXGroup;
			children = (
				390BB5E8134013DD00F5A7C4 /* AudioUnitHelpers.cpp */,
				390BB5E9134013DD00F5A7C4 /* AudioUnitHelpers.h */,
				390BB5EA134013DD00F5A7C4 /* Information.cpp */,
				390BB5EB134013DD00F5A7C4 /* Information.h */,
				390BB5EC134013DD00F5A7C4 /* KSAudioFile+AudioData.h */,
				390BB5ED134013DD00F5A7C4 /* KSAudioFile+AudioData.mm */,
				390BB5EE134013DD00F5A7C4 /* Logging.h */,
				390BB5EF134013DD00F5A7C4 /* Logging.mm */,
				390BB5F0134013DD00F5A7C4 /* Macros.h */,
				390BB5F1134013DD00F5A7C4 /* Mutex.h */,
				390BB5F2134013DD00F5A7C4 /* Util.cpp */,
				390BB5F3134013DD00F5A7C4 /* Util.h */,
			);
			path = Utility;
			sourceTree = "<group>";
		};
		398A26E5133BAD6D00C03008 = {
			isa = PBXGroup;
			children = (
				398A26F5133BAD6D00C03008 /* Aural */,
				398A2706133BAD6D00C03008 /* AuralTests */,
				398A2722133BAD7700C03008 /* AuralDemo */,
				398A26F2133BAD6D00C03008 /* Frameworks */,
				398A26F1133BAD6D00C03008 /* Products */,
			);
			sourceTree = "<group>";
		};
		398A26F1133BAD6D00C03008 /* Products */ = {
			isa = PBXGroup;
			children = (
				398A26FD133BAD6D00C03008 /* AuralTests.octest */,
				398A271D133BAD7700C03008 /* AuralDemo.app */,
			);
			name = Products;
			sourceTree = "<group>";
		};
		398A26F2133BAD6D00C03008 /* Frameworks */ = {
			isa = PBXGroup;
			children = (
				398A26F0133BAD6D00C03008 /* libAural.a */,
				39906C16133C461500F1D7B1 /* SoundTouch.framework */,
				398A27B2133BB18300C03008 /* AVFoundation.framework */,
				398A27B0133BB18000C03008 /* AudioToolbox.framework */,
				398A26F3133BAD6D00C03008 /* Foundation.framework */,
				398A26FE133BAD6D00C03008 /* UIKit.framework */,
				398A2701133BAD6D00C03008 /* CoreGraphics.framework */,
			);
			name = Frameworks;
			sourceTree = "<group>";
		};
		398A26F5133BAD6D00C03008 /* Aural */ = {
			isa = PBXGroup;
			children = (
				390BB5C1134013DD00F5A7C4 /* Aural.h */,
				390BB5C2134013DD00F5A7C4 /* AuralConfig.h */,
				390BB5C3134013DD00F5A7C4 /* Filters */,
				390BB5C7134013DD00F5A7C4 /* Interface */,
				390BB5CD134013DD00F5A7C4 /* iOS */,
				390BB5D6134013DD00F5A7C4 /* Support */,
				390BB5E7134013DD00F5A7C4 /* Utility */,
				398A26F6133BAD6D00C03008 /* Supporting Files */,
			);
			path = Aural;
			sourceTree = "<group>";
		};
		398A26F6133BAD6D00C03008 /* Supporting Files */ = {
			isa = PBXGroup;
			children = (
				398A26F7133BAD6D00C03008 /* Aural-Prefix.pch */,
			);
			name = "Supporting Files";
			sourceTree = "<group>";
		};
		398A2706133BAD6D00C03008 /* AuralTests */ = {
			isa = PBXGroup;
			children = (
				398A270D133BAD6D00C03008 /* AuralTests.h */,
				398A270F133BAD6D00C03008 /* AuralTests.m */,
				398A2707133BAD6D00C03008 /* Supporting Files */,
			);
			path = AuralTests;
			sourceTree = "<group>";
		};
		398A2707133BAD6D00C03008 /* Supporting Files */ = {
			isa = PBXGroup;
			children = (
				398A2708133BAD6D00C03008 /* AuralTests-Info.plist */,
				398A2709133BAD6D00C03008 /* InfoPlist.strings */,
				398A270C133BAD6D00C03008 /* AuralTests-Prefix.pch */,
			);
			name = "Supporting Files";
			sourceTree = "<group>";
		};
		398A2722133BAD7700C03008 /* AuralDemo */ = {
			isa = PBXGroup;
			children = (
				398A272B133BAD7700C03008 /* AuralDemoAppDelegate.h */,
				398A272C133BAD7700C03008 /* AuralDemoAppDelegate.mm */,
				398A272E133BAD7700C03008 /* MainWindow.xib */,
				398A2731133BAD7700C03008 /* AuralDemoViewController.h */,
				398A2732133BAD7700C03008 /* AuralDemoViewController.mm */,
				39906C33133C4A5400F1D7B1 /* AuralDemoViewController.xib */,
				398A2723133BAD7700C03008 /* Supporting Files */,
			);
			path = AuralDemo;
			sourceTree = "<group>";
		};
		398A2723133BAD7700C03008 /* Supporting Files */ = {
			isa = PBXGroup;
			children = (
				398A279D133BADC900C03008 /* AssetSources.txt */,
				398A279E133BADC900C03008 /* ColdFunk.caf */,
				398A2724133BAD7700C03008 /* AuralDemo-Info.plist */,
				398A2725133BAD7700C03008 /* InfoPlist.strings */,
				398A2728133BAD7700C03008 /* AuralDemo-Prefix.pch */,
				398A2729133BAD7700C03008 /* main.m */,
			);
			name = "Supporting Files";
			sourceTree = "<group>";
		};
/* End PBXGroup section */

/* Begin PBXHeadersBuildPhase section */
		398A26EE133BAD6D00C03008 /* Headers */ = {
			isa = PBXHeadersBuildPhase;
			buildActionMask = 2147483647;
			files = (
				390BB5F4134013DD00F5A7C4 /* Aural.h in Headers */,
				390BB5F5134013DD00F5A7C4 /* AuralConfig.h in Headers */,
				390BB5F6134013DD00F5A7C4 /* AudioRenderFilter.h in Headers */,
				390BB5F8134013DD00F5A7C4 /* SoundTouchRenderFilter.h in Headers */,
				390BB5F9134013DD00F5A7C4 /* AudioData.h in Headers */,
				390BB5FB134013DD00F5A7C4 /* AudioEnvironment.h in Headers */,
				390BB5FC134013DD00F5A7C4 /* AudioManager.h in Headers */,
				390BB5FD134013DD00F5A7C4 /* AudioEmitter.h in Headers */,
				390BB5FF134013DD00F5A7C4 /* IOSAudioEnvironment.h in Headers */,
				390BB601134013DD00F5A7C4 /* IOSAudioManager.h in Headers */,
				390BB603134013DD00F5A7C4 /* IOSAudioEmitter.h in Headers */,
				390BB605134013DD00F5A7C4 /* IOSRenderFilters.h in Headers */,
				390BB606134013DD00F5A7C4 /* DataBuffer.h in Headers */,
				390BB608134013DD00F5A7C4 /* KSAudioFile.h in Headers */,
				390BB60A134013DD00F5A7C4 /* NSMutableArray+WeakReferences.h in Headers */,
				390BB60C134013DD00F5A7C4 /* OALAudioSession.h in Headers */,
				390BB60E134013DD00F5A7C4 /* OALNotifications.h in Headers */,
				390BB60F134013DD00F5A7C4 /* OALSuspendHandler.h in Headers */,
				390BB611134013DD00F5A7C4 /* OALTools.h in Headers */,
				390BB613134013DD00F5A7C4 /* ObjectALConfig.h in Headers */,
				390BB614134013DD00F5A7C4 /* ObjectALMacros.h in Headers */,
				390BB615134013DD00F5A7C4 /* SynthesizeSingleton.h in Headers */,
				390BB617134013DD00F5A7C4 /* AudioUnitHelpers.h in Headers */,
				390BB619134013DD00F5A7C4 /* Information.h in Headers */,
				390BB61A134013DD00F5A7C4 /* KSAudioFile+AudioData.h in Headers */,
				390BB61C134013DD00F5A7C4 /* Logging.h in Headers */,
				390BB61E134013DD00F5A7C4 /* Macros.h in Headers */,
				390BB61F134013DD00F5A7C4 /* Mutex.h in Headers */,
				390BB621134013DD00F5A7C4 /* Util.h in Headers */,
				390BB62513402D6B00F5A7C4 /* CommonRenderFilters.h in Headers */,
				390BB8A413417D7800F5A7C4 /* IOSAudioData.h in Headers */,
			);
			runOnlyForDeploymentPostprocessing = 0;
		};
/* End PBXHeadersBuildPhase section */

/* Begin PBXNativeTarget section */
		398A26EF133BAD6D00C03008 /* Aural */ = {
			isa = PBXNativeTarget;
			buildConfigurationList = 398A2713133BAD6D00C03008 /* Build configuration list for PBXNativeTarget "Aural" */;
			buildPhases = (
				398A26EC133BAD6D00C03008 /* Sources */,
				398A26ED133BAD6D00C03008 /* Frameworks */,
				398A26EE133BAD6D00C03008 /* Headers */,
			);
			buildRules = (
			);
			dependencies = (
			);
			name = Aural;
			productName = Aural;
			productReference = 398A26F0133BAD6D00C03008 /* libAural.a */;
			productType = "com.apple.product-type.library.static";
		};
		398A26FC133BAD6D00C03008 /* AuralTests */ = {
			isa = PBXNativeTarget;
			buildConfigurationList = 398A2716133BAD6D00C03008 /* Build configuration list for PBXNativeTarget "AuralTests" */;
			buildPhases = (
				398A26F8133BAD6D00C03008 /* Sources */,
				398A26F9133BAD6D00C03008 /* Frameworks */,
				398A26FA133BAD6D00C03008 /* Resources */,
				398A26FB133BAD6D00C03008 /* ShellScript */,
			);
			buildRules = (
			);
			dependencies = (
				398A2704133BAD6D00C03008 /* PBXTargetDependency */,
			);
			name = AuralTests;
			productName = AuralTests;
			productReference = 398A26FD133BAD6D00C03008 /* AuralTests.octest */;
			productType = "com.apple.product-type.bundle";
		};
		398A271C133BAD7700C03008 /* AuralDemo */ = {
			isa = PBXNativeTarget;
			buildConfigurationList = 398A2737133BAD7700C03008 /* Build configuration list for PBXNativeTarget "AuralDemo" */;
			buildPhases = (
				398A2719133BAD7700C03008 /* Sources */,
				398A271A133BAD7700C03008 /* Frameworks */,
				398A271B133BAD7700C03008 /* Resources */,
			);
			buildRules = (
			);
			dependencies = (
				39906C2B133C482200F1D7B1 /* PBXTargetDependency */,
			);
			name = AuralDemo;
			productName = AuralDemo;
			productReference = 398A271D133BAD7700C03008 /* AuralDemo.app */;
			productType = "com.apple.product-type.application";
		};
/* End PBXNativeTarget section */

/* Begin PBXProject section */
		398A26E7133BAD6D00C03008 /* Project object */ = {
			isa = PBXProject;
			attributes = {
				ORGANIZATIONNAME = Stenerud;
			};
			buildConfigurationList = 398A26EA133BAD6D00C03008 /* Build configuration list for PBXProject "Aural" */;
			compatibilityVersion = "Xcode 3.2";
			developmentRegion = English;
			hasScannedForEncodings = 0;
			knownRegions = (
				en,
			);
			mainGroup = 398A26E5133BAD6D00C03008;
			productRefGroup = 398A26F1133BAD6D00C03008 /* Products */;
			projectDirPath = "";
			projectRoot = "";
			targets = (
				398A26EF133BAD6D00C03008 /* Aural */,
				398A26FC133BAD6D00C03008 /* AuralTests */,
				398A271C133BAD7700C03008 /* AuralDemo */,
			);
		};
/* End PBXProject section */

/* Begin PBXResourcesBuildPhase section */
		398A26FA133BAD6D00C03008 /* Resources */ = {
			isa = PBXResourcesBuildPhase;
			buildActionMask = 2147483647;
			files = (
				398A270B133BAD6D00C03008 /* InfoPlist.strings in Resources */,
				398A270E133BAD6D00C03008 /* AuralTests.h in Resources */,
			);
			runOnlyForDeploymentPostprocessing = 0;
		};
		398A271B133BAD7700C03008 /* Resources */ = {
			isa = PBXResourcesBuildPhase;
			buildActionMask = 2147483647;
			files = (
				398A2727133BAD7700C03008 /* InfoPlist.strings in Resources */,
				398A2730133BAD7700C03008 /* MainWindow.xib in Resources */,
				39906C34133C4A5400F1D7B1 /* AuralDemoViewController.xib in Resources */,
				39906C3E133C4F2F00F1D7B1 /* ColdFunk.caf in Resources */,
			);
			runOnlyForDeploymentPostprocessing = 0;
		};
/* End PBXResourcesBuildPhase section */

/* Begin PBXShellScriptBuildPhase section */
		398A26FB133BAD6D00C03008 /* ShellScript */ = {
			isa = PBXShellScriptBuildPhase;
			buildActionMask = 2147483647;
			files = (
			);
			inputPaths = (
			);
			outputPaths = (
			);
			runOnlyForDeploymentPostprocessing = 0;
			shellPath = /bin/sh;
			shellScript = "# Run the unit tests in this test bundle.\n\"${SYSTEM_DEVELOPER_DIR}/Tools/RunUnitTests\"\n";
		};
/* End PBXShellScriptBuildPhase section */

/* Begin PBXSourcesBuildPhase section */
		398A26EC133BAD6D00C03008 /* Sources */ = {
			isa = PBXSourcesBuildPhase;
			buildActionMask = 2147483647;
			files = (
				390BB5F7134013DD00F5A7C4 /* SoundTouchRenderFilter.cpp in Sources */,
				390BB5FE134013DD00F5A7C4 /* IOSAudioEnvironment.cpp in Sources */,
				390BB600134013DD00F5A7C4 /* IOSAudioManager.cpp in Sources */,
				390BB602134013DD00F5A7C4 /* IOSAudioEmitter.cpp in Sources */,
				390BB604134013DD00F5A7C4 /* IOSRenderFilters.cpp in Sources */,
				390BB607134013DD00F5A7C4 /* DataBuffer.m in Sources */,
				390BB609134013DD00F5A7C4 /* KSAudioFile.m in Sources */,
				390BB60B134013DD00F5A7C4 /* NSMutableArray+WeakReferences.m in Sources */,
				390BB60D134013DD00F5A7C4 /* OALAudioSession.m in Sources */,
				390BB610134013DD00F5A7C4 /* OALSuspendHandler.m in Sources */,
				390BB612134013DD00F5A7C4 /* OALTools.m in Sources */,
				390BB616134013DD00F5A7C4 /* AudioUnitHelpers.cpp in Sources */,
				390BB618134013DD00F5A7C4 /* Information.cpp in Sources */,
				390BB61B134013DD00F5A7C4 /* KSAudioFile+AudioData.mm in Sources */,
				390BB61D134013DD00F5A7C4 /* Logging.mm in Sources */,
				390BB620134013DD00F5A7C4 /* Util.cpp in Sources */,
				390BB62413402D6B00F5A7C4 /* CommonRenderFilters.cpp in Sources */,
				390BB8A513417D7800F5A7C4 /* IOSAudioData.cpp in Sources */,
			);
			runOnlyForDeploymentPostprocessing = 0;
		};
		398A26F8133BAD6D00C03008 /* Sources */ = {
			isa = PBXSourcesBuildPhase;
			buildActionMask = 2147483647;
			files = (
				398A2710133BAD6D00C03008 /* AuralTests.m in Sources */,
			);
			runOnlyForDeploymentPostprocessing = 0;
		};
		398A2719133BAD7700C03008 /* Sources */ = {
			isa = PBXSourcesBuildPhase;
			buildActionMask = 2147483647;
			files = (
				398A272A133BAD7700C03008 /* main.m in Sources */,
				398A272D133BAD7700C03008 /* AuralDemoAppDelegate.mm in Sources */,
				398A2733133BAD7700C03008 /* AuralDemoViewController.mm in Sources */,
			);
			runOnlyForDeploymentPostprocessing = 0;
		};
/* End PBXSourcesBuildPhase section */

/* Begin PBXTargetDependency section */
		398A2704133BAD6D00C03008 /* PBXTargetDependency */ = {
			isa = PBXTargetDependency;
			target = 398A26EF133BAD6D00C03008 /* Aural */;
			targetProxy = 398A2703133BAD6D00C03008 /* PBXContainerItemProxy */;
		};
		39906C2B133C482200F1D7B1 /* PBXTargetDependency */ = {
			isa = PBXTargetDependency;
			target = 398A26EF133BAD6D00C03008 /* Aural */;
			targetProxy = 39906C2A133C482200F1D7B1 /* PBXContainerItemProxy */;
		};
/* End PBXTargetDependency section */

/* Begin PBXVariantGroup section */
		398A2709133BAD6D00C03008 /* InfoPlist.strings */ = {
			isa = PBXVariantGroup;
			children = (
				398A270A133BAD6D00C03008 /* en */,
			);
			name = InfoPlist.strings;
			sourceTree = "<group>";
		};
		398A2725133BAD7700C03008 /* InfoPlist.strings */ = {
			isa = PBXVariantGroup;
			children = (
				398A2726133BAD7700C03008 /* en */,
			);
			name = InfoPlist.strings;
			sourceTree = "<group>";
		};
		398A272E133BAD7700C03008 /* MainWindow.xib */ = {
			isa = PBXVariantGroup;
			children = (
				398A272F133BAD7700C03008 /* en */,
			);
			name = MainWindow.xib;
			sourceTree = "<group>";
		};
/* End PBXVariantGroup section */

/* Begin XCBuildConfiguration section */
		398A2711133BAD6D00C03008 /* Debug */ = {
			isa = XCBuildConfiguration;
			buildSettings = {
				ARCHS = "$(ARCHS_STANDARD_32_BIT)";
				GCC_C_LANGUAGE_STANDARD = gnu99;
				GCC_OPTIMIZATION_LEVEL = 0;
				GCC_PREPROCESSOR_DEFINITIONS = DEBUG;
				GCC_SYMBOLS_PRIVATE_EXTERN = YES;
				GCC_VERSION = com.apple.compilers.llvm.clang.1_0;
				GCC_WARN_64_TO_32_BIT_CONVERSION = YES;
				GCC_WARN_ABOUT_MISSING_FIELD_INITIALIZERS = YES;
				GCC_WARN_ABOUT_MISSING_NEWLINE = YES;
				GCC_WARN_ABOUT_MISSING_PROTOTYPES = YES;
				GCC_WARN_ABOUT_RETURN_TYPE = YES;
				GCC_WARN_FOUR_CHARACTER_CONSTANTS = YES;
				GCC_WARN_HIDDEN_VIRTUAL_FUNCTIONS = YES;
				GCC_WARN_INITIALIZER_NOT_FULLY_BRACKETED = YES;
				GCC_WARN_NON_VIRTUAL_DESTRUCTOR = YES;
				GCC_WARN_SHADOW = YES;
				GCC_WARN_SIGN_COMPARE = YES;
				GCC_WARN_STRICT_SELECTOR_MATCH = YES;
				GCC_WARN_UNDECLARED_SELECTOR = YES;
				GCC_WARN_UNINITIALIZED_AUTOS = YES;
				GCC_WARN_UNUSED_FUNCTION = YES;
				GCC_WARN_UNUSED_LABEL = YES;
				GCC_WARN_UNUSED_VARIABLE = YES;
				IPHONEOS_DEPLOYMENT_TARGET = 4.2;
				SDKROOT = iphoneos;
			};
			name = Debug;
		};
		398A2712133BAD6D00C03008 /* Release */ = {
			isa = XCBuildConfiguration;
			buildSettings = {
				ARCHS = "$(ARCHS_STANDARD_32_BIT)";
				GCC_C_LANGUAGE_STANDARD = gnu99;
				GCC_SYMBOLS_PRIVATE_EXTERN = YES;
				GCC_VERSION = com.apple.compilers.llvm.clang.1_0;
				GCC_WARN_64_TO_32_BIT_CONVERSION = YES;
				GCC_WARN_ABOUT_MISSING_FIELD_INITIALIZERS = YES;
				GCC_WARN_ABOUT_MISSING_NEWLINE = YES;
				GCC_WARN_ABOUT_MISSING_PROTOTYPES = YES;
				GCC_WARN_ABOUT_RETURN_TYPE = YES;
				GCC_WARN_FOUR_CHARACTER_CONSTANTS = YES;
				GCC_WARN_HIDDEN_VIRTUAL_FUNCTIONS = YES;
				GCC_WARN_INITIALIZER_NOT_FULLY_BRACKETED = YES;
				GCC_WARN_NON_VIRTUAL_DESTRUCTOR = YES;
				GCC_WARN_SHADOW = YES;
				GCC_WARN_SIGN_COMPARE = YES;
				GCC_WARN_STRICT_SELECTOR_MATCH = YES;
				GCC_WARN_UNDECLARED_SELECTOR = YES;
				GCC_WARN_UNINITIALIZED_AUTOS = YES;
				GCC_WARN_UNUSED_FUNCTION = YES;
				GCC_WARN_UNUSED_LABEL = YES;
				GCC_WARN_UNUSED_VARIABLE = YES;
				IPHONEOS_DEPLOYMENT_TARGET = 4.2;
				SDKROOT = iphoneos;
			};
			name = Release;
		};
		398A2714133BAD6D00C03008 /* Debug */ = {
			isa = XCBuildConfiguration;
			buildSettings = {
				ALWAYS_SEARCH_USER_PATHS = NO;
				DSTROOT = /tmp/Aural.dst;
				FRAMEWORK_SEARCH_PATHS = (
					"$(inherited)",
					"\"$(SRCROOT)\"",
				);
				GCC_PRECOMPILE_PREFIX_HEADER = YES;
				GCC_PREFIX_HEADER = "Aural/Aural-Prefix.pch";
				OTHER_LDFLAGS = "-ObjC";
				PRODUCT_NAME = "$(TARGET_NAME)";
			};
			name = Debug;
		};
		398A2715133BAD6D00C03008 /* Release */ = {
			isa = XCBuildConfiguration;
			buildSettings = {
				ALWAYS_SEARCH_USER_PATHS = NO;
				DSTROOT = /tmp/Aural.dst;
				FRAMEWORK_SEARCH_PATHS = (
					"$(inherited)",
					"\"$(SRCROOT)\"",
				);
				GCC_PRECOMPILE_PREFIX_HEADER = YES;
				GCC_PREFIX_HEADER = "Aural/Aural-Prefix.pch";
				OTHER_LDFLAGS = "-ObjC";
				PRODUCT_NAME = "$(TARGET_NAME)";
			};
			name = Release;
		};
		398A2717133BAD6D00C03008 /* Debug */ = {
			isa = XCBuildConfiguration;
			buildSettings = {
				ALWAYS_SEARCH_USER_PATHS = NO;
				FRAMEWORK_SEARCH_PATHS = (
					"$(SDKROOT)/Developer/Library/Frameworks",
					"$(DEVELOPER_LIBRARY_DIR)/Frameworks",
				);
				GCC_PRECOMPILE_PREFIX_HEADER = YES;
				GCC_PREFIX_HEADER = "AuralTests/AuralTests-Prefix.pch";
				INFOPLIST_FILE = "AuralTests/AuralTests-Info.plist";
				OTHER_LDFLAGS = (
					"-framework",
					SenTestingKit,
				);
				PRODUCT_NAME = "$(TARGET_NAME)";
				WRAPPER_EXTENSION = octest;
			};
			name = Debug;
		};
		398A2718133BAD6D00C03008 /* Release */ = {
			isa = XCBuildConfiguration;
			buildSettings = {
				ALWAYS_SEARCH_USER_PATHS = NO;
				FRAMEWORK_SEARCH_PATHS = (
					"$(SDKROOT)/Developer/Library/Frameworks",
					"$(DEVELOPER_LIBRARY_DIR)/Frameworks",
				);
				GCC_PRECOMPILE_PREFIX_HEADER = YES;
				GCC_PREFIX_HEADER = "AuralTests/AuralTests-Prefix.pch";
				INFOPLIST_FILE = "AuralTests/AuralTests-Info.plist";
				OTHER_LDFLAGS = (
					"-framework",
					SenTestingKit,
				);
				PRODUCT_NAME = "$(TARGET_NAME)";
				WRAPPER_EXTENSION = octest;
			};
			name = Release;
		};
		398A2738133BAD7700C03008 /* Debug */ = {
			isa = XCBuildConfiguration;
			buildSettings = {
				ALWAYS_SEARCH_USER_PATHS = NO;
				"CODE_SIGN_IDENTITY[sdk=iphoneos*]" = "iPhone Developer";
				COPY_PHASE_STRIP = NO;
				FRAMEWORK_SEARCH_PATHS = (
					"$(inherited)",
					"\"$(SRCROOT)\"",
				);
				GCC_DYNAMIC_NO_PIC = NO;
				GCC_PRECOMPILE_PREFIX_HEADER = YES;
				GCC_PREFIX_HEADER = "AuralDemo/AuralDemo-Prefix.pch";
				INFOPLIST_FILE = "AuralDemo/AuralDemo-Info.plist";
				OTHER_LDFLAGS = (
					"-ObjC",
					"-all_load",
				);
				PRODUCT_NAME = "$(TARGET_NAME)";
				WRAPPER_EXTENSION = app;
			};
			name = Debug;
		};
		398A2739133BAD7700C03008 /* Release */ = {
			isa = XCBuildConfiguration;
			buildSettings = {
				ALWAYS_SEARCH_USER_PATHS = NO;
				"CODE_SIGN_IDENTITY[sdk=iphoneos*]" = "iPhone Developer";
				COPY_PHASE_STRIP = YES;
				FRAMEWORK_SEARCH_PATHS = (
					"$(inherited)",
					"\"$(SRCROOT)\"",
				);
				GCC_PRECOMPILE_PREFIX_HEADER = YES;
				GCC_PREFIX_HEADER = "AuralDemo/AuralDemo-Prefix.pch";
				INFOPLIST_FILE = "AuralDemo/AuralDemo-Info.plist";
				OTHER_CFLAGS = "-DNS_BLOCK_ASSERTIONS=1";
				OTHER_LDFLAGS = (
					"-ObjC",
					"-all_load",
				);
				PRODUCT_NAME = "$(TARGET_NAME)";
				VALIDATE_PRODUCT = YES;
				WRAPPER_EXTENSION = app;
			};
			name = Release;
		};
/* End XCBuildConfiguration section */

/* Begin XCConfigurationList section */
		398A26EA133BAD6D00C03008 /* Build configuration list for PBXProject "Aural" */ = {
			isa = XCConfigurationList;
			buildConfigurations = (
				398A2711133BAD6D00C03008 /* Debug */,
				398A2712133BAD6D00C03008 /* Release */,
			);
			defaultConfigurationIsVisible = 0;
			defaultConfigurationName = Release;
		};
		398A2713133BAD6D00C03008 /* Build configuration list for PBXNativeTarget "Aural" */ = {
			isa = XCConfigurationList;
			buildConfigurations = (
				398A2714133BAD6D00C03008 /* Debug */,
				398A2715133BAD6D00C03008 /* Release */,
			);
			defaultConfigurationIsVisible = 0;
			defaultConfigurationName = Release;
		};
		398A2716133BAD6D00C03008 /* Build configuration list for PBXNativeTarget "AuralTests" */ = {
			isa = XCConfigurationList;
			buildConfigurations = (
				398A2717133BAD6D00C03008 /* Debug */,
				398A2718133BAD6D00C03008 /* Release */,
			);
			defaultConfigurationIsVisible = 0;
			defaultConfigurationName = Release;
		};
		398A2737133BAD7700C03008 /* Build configuration list for PBXNativeTarget "AuralDemo" */ = {
			isa = XCConfigurationList;
			buildConfigurations = (
				398A2738133BAD7700C03008 /* Debug */,
				398A2739133BAD7700C03008 /* Release */,
			);
			defaultConfigurationIsVisible = 0;
			defaultConfigurationName = Release;
		};
/* End XCConfigurationList section */
	};
	rootObject = 398A26E7133BAD6D00C03008 /* Project object */;
}
